
Microsoft Visual Studio Solution File, Format Version 12.00
# Visual Studio 14
VisualStudioVersion = 14.0.25420.1
MinimumVisualStudioVersion = 10.0.40219.1
Project("{FAE04EC0-301F-11D3-BF4B-00C04F79EFBC}") = "Portable.Xaml-tests-pcl259", "Test\Portable.Xaml-tests-pcl259.csproj", "{FDA04C3E-7386-4F45-A7F2-C69DB33B72FF}"
EndProject
Project("{FAE04EC0-301F-11D3-BF4B-00C04F79EFBC}") = "Portable.Xaml-pcl259", "Portable.Xaml\Portable.Xaml-pcl259.csproj", "{179484EC-DB00-451A-AD2D-2E2AB20DE519}"
EndProject
Project("{FAE04EC0-301F-11D3-BF4B-00C04F79EFBC}") = "Portable.Xaml-pcl136", "Portable.Xaml\Portable.Xaml-pcl136.csproj", "{A283EEF5-D2BF-47DD-AFD6-A1DB3DF7CDA0}"
EndProject
Project("{FAE04EC0-301F-11D3-BF4B-00C04F79EFBC}") = "Portable.Xaml-tests-pcl136", "Test\Portable.Xaml-tests-pcl136.csproj", "{307DC911-E3EE-41F9-87BA-D1FD734E04BC}"
EndProject
Project("{FAE04EC0-301F-11D3-BF4B-00C04F79EFBC}") = "Portable.Xaml-tests-net_4_5", "Test\Portable.Xaml-tests-net_4_5.csproj", "{F4FA4B21-EF1C-48DE-8F4C-16496005FB94}"
EndProject
Project("{FAE04EC0-301F-11D3-BF4B-00C04F79EFBC}") = "Portable.Xaml.Benchmark", "Portable.Xaml.Benchmark\Portable.Xaml.Benchmark.csproj", "{AC406459-D324-4ADF-853D-A58B63396591}"
EndProject
Global
	GlobalSection(SolutionConfigurationPlatforms) = preSolution
		Debug|Any CPU = Debug|Any CPU
		Release|Any CPU = Release|Any CPU
	EndGlobalSection
	GlobalSection(ProjectConfigurationPlatforms) = postSolution
		{FDA04C3E-7386-4F45-A7F2-C69DB33B72FF}.Debug|Any CPU.ActiveCfg = Debug|Any CPU
		{FDA04C3E-7386-4F45-A7F2-C69DB33B72FF}.Debug|Any CPU.Build.0 = Debug|Any CPU
		{FDA04C3E-7386-4F45-A7F2-C69DB33B72FF}.Release|Any CPU.ActiveCfg = Release|Any CPU
		{FDA04C3E-7386-4F45-A7F2-C69DB33B72FF}.Release|Any CPU.Build.0 = Release|Any CPU
		{179484EC-DB00-451A-AD2D-2E2AB20DE519}.Debug|Any CPU.ActiveCfg = Debug|Any CPU
		{179484EC-DB00-451A-AD2D-2E2AB20DE519}.Debug|Any CPU.Build.0 = Debug|Any CPU
		{179484EC-DB00-451A-AD2D-2E2AB20DE519}.Release|Any CPU.ActiveCfg = Release|Any CPU
		{179484EC-DB00-451A-AD2D-2E2AB20DE519}.Release|Any CPU.Build.0 = Release|Any CPU
		{A283EEF5-D2BF-47DD-AFD6-A1DB3DF7CDA0}.Debug|Any CPU.ActiveCfg = Debug|Any CPU
		{A283EEF5-D2BF-47DD-AFD6-A1DB3DF7CDA0}.Debug|Any CPU.Build.0 = Debug|Any CPU
		{A283EEF5-D2BF-47DD-AFD6-A1DB3DF7CDA0}.Release|Any CPU.ActiveCfg = Release|Any CPU
		{A283EEF5-D2BF-47DD-AFD6-A1DB3DF7CDA0}.Release|Any CPU.Build.0 = Release|Any CPU
		{307DC911-E3EE-41F9-87BA-D1FD734E04BC}.Debug|Any CPU.ActiveCfg = Debug|Any CPU
		{307DC911-E3EE-41F9-87BA-D1FD734E04BC}.Debug|Any CPU.Build.0 = Debug|Any CPU
		{307DC911-E3EE-41F9-87BA-D1FD734E04BC}.Release|Any CPU.ActiveCfg = Release|Any CPU
		{307DC911-E3EE-41F9-87BA-D1FD734E04BC}.Release|Any CPU.Build.0 = Release|Any CPU
		{F4FA4B21-EF1C-48DE-8F4C-16496005FB94}.Debug|Any CPU.ActiveCfg = Debug|Any CPU
		{F4FA4B21-EF1C-48DE-8F4C-16496005FB94}.Debug|Any CPU.Build.0 = Debug|Any CPU
		{F4FA4B21-EF1C-48DE-8F4C-16496005FB94}.Release|Any CPU.ActiveCfg = Release|Any CPU
		{F4FA4B21-EF1C-48DE-8F4C-16496005FB94}.Release|Any CPU.Build.0 = Release|Any CPU
		{AC406459-D324-4ADF-853D-A58B63396591}.Debug|Any CPU.ActiveCfg = Debug|Any CPU
		{AC406459-D324-4ADF-853D-A58B63396591}.Debug|Any CPU.Build.0 = Debug|Any CPU
		{AC406459-D324-4ADF-853D-A58B63396591}.Release|Any CPU.ActiveCfg = Release|Any CPU
		{AC406459-D324-4ADF-853D-A58B63396591}.Release|Any CPU.Build.0 = Release|Any CPU
	EndGlobalSection
	GlobalSection(SolutionProperties) = preSolution
		HideSolutionNode = FALSE
	EndGlobalSection
	GlobalSection(MonoDevelopProperties) = preSolution
		Policies = $0
		$0.TextStylePolicy = $4
		$4.FileWidth = 120
		$4.TabsToSpaces = False
		$4.inheritsSet = VisualStudio
		$4.inheritsScope = text/plain
	EndGlobalSection
EndGlobal
