
Microsoft Visual Studio Solution File, Format Version 12.00
# Visual Studio 15
VisualStudioVersion = 15.0.27130.2024
MinimumVisualStudioVersion = 10.0.40219.1
Project("{FAE04EC0-301F-11D3-BF4B-00C04F79EFBC}") = "System.Xaml-tests-net_4_5", "Test\System.Xaml-tests-net_4_5.csproj", "{F4FA4B21-EF1C-48DE-8F4C-16496005FB94}"
EndProject
Project("{FAE04EC0-301F-11D3-BF4B-00C04F79EFBC}") = "Portable.Xaml.Benchmark", "Portable.Xaml.Benchmark\Portable.Xaml.Benchmark.csproj", "{AC406459-D324-4ADF-853D-A58B63396591}"
EndProject
Project("{FAE04EC0-301F-11D3-BF4B-00C04F79EFBC}") = "Portable.Xaml-netstandard1.3", "Portable.Xaml\Portable.Xaml-netstandard1.3.csproj", "{CDC8F791-56FC-4B15-AAD2-BC460657CC02}"
EndProject
Project("{FAE04EC0-301F-11D3-BF4B-00C04F79EFBC}") = "Portable.Xaml-tests-netstandard1.0", "Test\Portable.Xaml-tests-netstandard1.0.csproj", "{FDA04C3E-7386-4F45-A7F2-C69DB33B72FF}"
EndProject
Project("{FAE04EC0-301F-11D3-BF4B-00C04F79EFBC}") = "Portable.Xaml-tests-netstandard1.3", "Test\Portable.Xaml-tests-netstandard1.3.csproj", "{E9DCCDCC-03A8-4BD1-888D-CEE86468A15A}"
EndProject
Project("{FAE04EC0-301F-11D3-BF4B-00C04F79EFBC}") = "Portable.Xaml-tests-uwp", "Test\Portable.Xaml-tests-uwp.csproj", "{1B4909D0-ECFB-4E32-8C02-B164DB1D64C6}"
EndProject
Project("{FAE04EC0-301F-11D3-BF4B-00C04F79EFBC}") = "Portable.Xaml-tests-core", "Test\Portable.Xaml-tests-core.csproj", "{1E5C8B3A-E196-499C-9849-9876EB621A7C}"
EndProject
Project("{2150E333-8FDC-42A3-9474-1A3956D46DE8}") = "build", "build", "{39859568-90DD-4BA1-A525-2899C232B44E}"
	ProjectSection(SolutionItems) = preProject
		..\build\Build.proj = ..\build\Build.proj
		..\Directory.Build.props = ..\Directory.Build.props
		..\Directory.Build.targets = ..\Directory.Build.targets
		..\NuGet.Config = ..\NuGet.Config
	EndProjectSection
EndProject
Project("{FAE04EC0-301F-11D3-BF4B-00C04F79EFBC}") = "Portable.Xaml-netstandard1.0", "Portable.Xaml\Portable.Xaml-netstandard1.0.csproj", "{6A170ABB-8861-4010-A9F0-E49A9AFDD3A6}"
EndProject
Project("{FAE04EC0-301F-11D3-BF4B-00C04F79EFBC}") = "Portable.Xaml-netstandard2.0", "Portable.Xaml\Portable.Xaml-netstandard2.0.csproj", "{B21ED206-4455-45E4-AE25-7EE7E4D6BD34}"
EndProject
Project("{FAE04EC0-301F-11D3-BF4B-00C04F79EFBC}") = "Portable.Xaml-tests-netstandard2.0", "Test\Portable.Xaml-tests-netstandard2.0.csproj", "{0B86715A-8032-441E-BFE8-136A7D1BFD19}"
EndProject
Global
	GlobalSection(SolutionConfigurationPlatforms) = preSolution
		Debug|Any CPU = Debug|Any CPU
		Debug|ARM = Debug|ARM
		Debug|x64 = Debug|x64
		Debug|x86 = Debug|x86
		Release|Any CPU = Release|Any CPU
		Release|ARM = Release|ARM
		Release|x64 = Release|x64
		Release|x86 = Release|x86
	EndGlobalSection
	GlobalSection(ProjectConfigurationPlatforms) = postSolution
		{F4FA4B21-EF1C-48DE-8F4C-16496005FB94}.Debug|Any CPU.ActiveCfg = Debug|Any CPU
		{F4FA4B21-EF1C-48DE-8F4C-16496005FB94}.Debug|Any CPU.Build.0 = Debug|Any CPU
		{F4FA4B21-EF1C-48DE-8F4C-16496005FB94}.Debug|ARM.ActiveCfg = Debug|Any CPU
		{F4FA4B21-EF1C-48DE-8F4C-16496005FB94}.Debug|ARM.Build.0 = Debug|Any CPU
		{F4FA4B21-EF1C-48DE-8F4C-16496005FB94}.Debug|x64.ActiveCfg = Debug|Any CPU
		{F4FA4B21-EF1C-48DE-8F4C-16496005FB94}.Debug|x64.Build.0 = Debug|Any CPU
		{F4FA4B21-EF1C-48DE-8F4C-16496005FB94}.Debug|x86.ActiveCfg = Debug|Any CPU
		{F4FA4B21-EF1C-48DE-8F4C-16496005FB94}.Debug|x86.Build.0 = Debug|Any CPU
		{F4FA4B21-EF1C-48DE-8F4C-16496005FB94}.Release|Any CPU.ActiveCfg = Release|Any CPU
		{F4FA4B21-EF1C-48DE-8F4C-16496005FB94}.Release|Any CPU.Build.0 = Release|Any CPU
		{F4FA4B21-EF1C-48DE-8F4C-16496005FB94}.Release|ARM.ActiveCfg = Release|Any CPU
		{F4FA4B21-EF1C-48DE-8F4C-16496005FB94}.Release|ARM.Build.0 = Release|Any CPU
		{F4FA4B21-EF1C-48DE-8F4C-16496005FB94}.Release|x64.ActiveCfg = Release|Any CPU
		{F4FA4B21-EF1C-48DE-8F4C-16496005FB94}.Release|x64.Build.0 = Release|Any CPU
		{F4FA4B21-EF1C-48DE-8F4C-16496005FB94}.Release|x86.ActiveCfg = Release|Any CPU
		{F4FA4B21-EF1C-48DE-8F4C-16496005FB94}.Release|x86.Build.0 = Release|Any CPU
		{AC406459-D324-4ADF-853D-A58B63396591}.Debug|Any CPU.ActiveCfg = Debug|Any CPU
		{AC406459-D324-4ADF-853D-A58B63396591}.Debug|Any CPU.Build.0 = Debug|Any CPU
		{AC406459-D324-4ADF-853D-A58B63396591}.Debug|ARM.ActiveCfg = Debug|Any CPU
		{AC406459-D324-4ADF-853D-A58B63396591}.Debug|ARM.Build.0 = Debug|Any CPU
		{AC406459-D324-4ADF-853D-A58B63396591}.Debug|x64.ActiveCfg = Debug|Any CPU
		{AC406459-D324-4ADF-853D-A58B63396591}.Debug|x64.Build.0 = Debug|Any CPU
		{AC406459-D324-4ADF-853D-A58B63396591}.Debug|x86.ActiveCfg = Debug|Any CPU
		{AC406459-D324-4ADF-853D-A58B63396591}.Debug|x86.Build.0 = Debug|Any CPU
		{AC406459-D324-4ADF-853D-A58B63396591}.Release|Any CPU.ActiveCfg = Release|Any CPU
		{AC406459-D324-4ADF-853D-A58B63396591}.Release|Any CPU.Build.0 = Release|Any CPU
		{AC406459-D324-4ADF-853D-A58B63396591}.Release|ARM.ActiveCfg = Release|Any CPU
		{AC406459-D324-4ADF-853D-A58B63396591}.Release|ARM.Build.0 = Release|Any CPU
		{AC406459-D324-4ADF-853D-A58B63396591}.Release|x64.ActiveCfg = Release|Any CPU
		{AC406459-D324-4ADF-853D-A58B63396591}.Release|x64.Build.0 = Release|Any CPU
		{AC406459-D324-4ADF-853D-A58B63396591}.Release|x86.ActiveCfg = Release|Any CPU
		{AC406459-D324-4ADF-853D-A58B63396591}.Release|x86.Build.0 = Release|Any CPU
		{CDC8F791-56FC-4B15-AAD2-BC460657CC02}.Debug|Any CPU.ActiveCfg = Debug|Any CPU
		{CDC8F791-56FC-4B15-AAD2-BC460657CC02}.Debug|Any CPU.Build.0 = Debug|Any CPU
		{CDC8F791-56FC-4B15-AAD2-BC460657CC02}.Debug|ARM.ActiveCfg = Debug|Any CPU
		{CDC8F791-56FC-4B15-AAD2-BC460657CC02}.Debug|ARM.Build.0 = Debug|Any CPU
		{CDC8F791-56FC-4B15-AAD2-BC460657CC02}.Debug|x64.ActiveCfg = Debug|Any CPU
		{CDC8F791-56FC-4B15-AAD2-BC460657CC02}.Debug|x64.Build.0 = Debug|Any CPU
		{CDC8F791-56FC-4B15-AAD2-BC460657CC02}.Debug|x86.ActiveCfg = Debug|Any CPU
		{CDC8F791-56FC-4B15-AAD2-BC460657CC02}.Debug|x86.Build.0 = Debug|Any CPU
		{CDC8F791-56FC-4B15-AAD2-BC460657CC02}.Release|Any CPU.ActiveCfg = Release|Any CPU
		{CDC8F791-56FC-4B15-AAD2-BC460657CC02}.Release|Any CPU.Build.0 = Release|Any CPU
		{CDC8F791-56FC-4B15-AAD2-BC460657CC02}.Release|ARM.ActiveCfg = Release|Any CPU
		{CDC8F791-56FC-4B15-AAD2-BC460657CC02}.Release|ARM.Build.0 = Release|Any CPU
		{CDC8F791-56FC-4B15-AAD2-BC460657CC02}.Release|x64.ActiveCfg = Release|Any CPU
		{CDC8F791-56FC-4B15-AAD2-BC460657CC02}.Release|x64.Build.0 = Release|Any CPU
		{CDC8F791-56FC-4B15-AAD2-BC460657CC02}.Release|x86.ActiveCfg = Release|Any CPU
		{CDC8F791-56FC-4B15-AAD2-BC460657CC02}.Release|x86.Build.0 = Release|Any CPU
		{FDA04C3E-7386-4F45-A7F2-C69DB33B72FF}.Debug|Any CPU.ActiveCfg = Debug|Any CPU
		{FDA04C3E-7386-4F45-A7F2-C69DB33B72FF}.Debug|Any CPU.Build.0 = Debug|Any CPU
		{FDA04C3E-7386-4F45-A7F2-C69DB33B72FF}.Debug|ARM.ActiveCfg = Debug|Any CPU
		{FDA04C3E-7386-4F45-A7F2-C69DB33B72FF}.Debug|ARM.Build.0 = Debug|Any CPU
		{FDA04C3E-7386-4F45-A7F2-C69DB33B72FF}.Debug|x64.ActiveCfg = Debug|Any CPU
		{FDA04C3E-7386-4F45-A7F2-C69DB33B72FF}.Debug|x64.Build.0 = Debug|Any CPU
		{FDA04C3E-7386-4F45-A7F2-C69DB33B72FF}.Debug|x86.ActiveCfg = Debug|Any CPU
		{FDA04C3E-7386-4F45-A7F2-C69DB33B72FF}.Debug|x86.Build.0 = Debug|Any CPU
		{FDA04C3E-7386-4F45-A7F2-C69DB33B72FF}.Release|Any CPU.ActiveCfg = Release|Any CPU
		{FDA04C3E-7386-4F45-A7F2-C69DB33B72FF}.Release|Any CPU.Build.0 = Release|Any CPU
		{FDA04C3E-7386-4F45-A7F2-C69DB33B72FF}.Release|ARM.ActiveCfg = Release|Any CPU
		{FDA04C3E-7386-4F45-A7F2-C69DB33B72FF}.Release|ARM.Build.0 = Release|Any CPU
		{FDA04C3E-7386-4F45-A7F2-C69DB33B72FF}.Release|x64.ActiveCfg = Release|Any CPU
		{FDA04C3E-7386-4F45-A7F2-C69DB33B72FF}.Release|x64.Build.0 = Release|Any CPU
		{FDA04C3E-7386-4F45-A7F2-C69DB33B72FF}.Release|x86.ActiveCfg = Release|Any CPU
		{FDA04C3E-7386-4F45-A7F2-C69DB33B72FF}.Release|x86.Build.0 = Release|Any CPU
		{E9DCCDCC-03A8-4BD1-888D-CEE86468A15A}.Debug|Any CPU.ActiveCfg = Debug|Any CPU
		{E9DCCDCC-03A8-4BD1-888D-CEE86468A15A}.Debug|Any CPU.Build.0 = Debug|Any CPU
		{E9DCCDCC-03A8-4BD1-888D-CEE86468A15A}.Debug|ARM.ActiveCfg = Debug|Any CPU
		{E9DCCDCC-03A8-4BD1-888D-CEE86468A15A}.Debug|ARM.Build.0 = Debug|Any CPU
		{E9DCCDCC-03A8-4BD1-888D-CEE86468A15A}.Debug|x64.ActiveCfg = Debug|Any CPU
		{E9DCCDCC-03A8-4BD1-888D-CEE86468A15A}.Debug|x64.Build.0 = Debug|Any CPU
		{E9DCCDCC-03A8-4BD1-888D-CEE86468A15A}.Debug|x86.ActiveCfg = Debug|Any CPU
		{E9DCCDCC-03A8-4BD1-888D-CEE86468A15A}.Debug|x86.Build.0 = Debug|Any CPU
		{E9DCCDCC-03A8-4BD1-888D-CEE86468A15A}.Release|Any CPU.ActiveCfg = Release|Any CPU
		{E9DCCDCC-03A8-4BD1-888D-CEE86468A15A}.Release|Any CPU.Build.0 = Release|Any CPU
		{E9DCCDCC-03A8-4BD1-888D-CEE86468A15A}.Release|ARM.ActiveCfg = Release|Any CPU
		{E9DCCDCC-03A8-4BD1-888D-CEE86468A15A}.Release|ARM.Build.0 = Release|Any CPU
		{E9DCCDCC-03A8-4BD1-888D-CEE86468A15A}.Release|x64.ActiveCfg = Release|Any CPU
		{E9DCCDCC-03A8-4BD1-888D-CEE86468A15A}.Release|x64.Build.0 = Release|Any CPU
		{E9DCCDCC-03A8-4BD1-888D-CEE86468A15A}.Release|x86.ActiveCfg = Release|Any CPU
		{E9DCCDCC-03A8-4BD1-888D-CEE86468A15A}.Release|x86.Build.0 = Release|Any CPU
		{1B4909D0-ECFB-4E32-8C02-B164DB1D64C6}.Debug|Any CPU.ActiveCfg = Debug|x86
		{1B4909D0-ECFB-4E32-8C02-B164DB1D64C6}.Debug|ARM.ActiveCfg = Debug|ARM
		{1B4909D0-ECFB-4E32-8C02-B164DB1D64C6}.Debug|ARM.Build.0 = Debug|ARM
		{1B4909D0-ECFB-4E32-8C02-B164DB1D64C6}.Debug|ARM.Deploy.0 = Debug|ARM
		{1B4909D0-ECFB-4E32-8C02-B164DB1D64C6}.Debug|x64.ActiveCfg = Debug|x64
		{1B4909D0-ECFB-4E32-8C02-B164DB1D64C6}.Debug|x64.Build.0 = Debug|x64
		{1B4909D0-ECFB-4E32-8C02-B164DB1D64C6}.Debug|x64.Deploy.0 = Debug|x64
		{1B4909D0-ECFB-4E32-8C02-B164DB1D64C6}.Debug|x86.ActiveCfg = Debug|x86
		{1B4909D0-ECFB-4E32-8C02-B164DB1D64C6}.Debug|x86.Build.0 = Debug|x86
		{1B4909D0-ECFB-4E32-8C02-B164DB1D64C6}.Debug|x86.Deploy.0 = Debug|x86
		{1B4909D0-ECFB-4E32-8C02-B164DB1D64C6}.Release|Any CPU.ActiveCfg = Release|x86
		{1B4909D0-ECFB-4E32-8C02-B164DB1D64C6}.Release|ARM.ActiveCfg = Release|ARM
		{1B4909D0-ECFB-4E32-8C02-B164DB1D64C6}.Release|ARM.Build.0 = Release|ARM
		{1B4909D0-ECFB-4E32-8C02-B164DB1D64C6}.Release|ARM.Deploy.0 = Release|ARM
		{1B4909D0-ECFB-4E32-8C02-B164DB1D64C6}.Release|x64.ActiveCfg = Release|x64
		{1B4909D0-ECFB-4E32-8C02-B164DB1D64C6}.Release|x64.Build.0 = Release|x64
		{1B4909D0-ECFB-4E32-8C02-B164DB1D64C6}.Release|x64.Deploy.0 = Release|x64
		{1B4909D0-ECFB-4E32-8C02-B164DB1D64C6}.Release|x86.ActiveCfg = Release|x86
		{1B4909D0-ECFB-4E32-8C02-B164DB1D64C6}.Release|x86.Build.0 = Release|x86
		{1B4909D0-ECFB-4E32-8C02-B164DB1D64C6}.Release|x86.Deploy.0 = Release|x86
		{1E5C8B3A-E196-499C-9849-9876EB621A7C}.Debug|Any CPU.ActiveCfg = Debug|Any CPU
		{1E5C8B3A-E196-499C-9849-9876EB621A7C}.Debug|Any CPU.Build.0 = Debug|Any CPU
		{1E5C8B3A-E196-499C-9849-9876EB621A7C}.Debug|ARM.ActiveCfg = Debug|Any CPU
		{1E5C8B3A-E196-499C-9849-9876EB621A7C}.Debug|ARM.Build.0 = Debug|Any CPU
		{1E5C8B3A-E196-499C-9849-9876EB621A7C}.Debug|x64.ActiveCfg = Debug|Any CPU
		{1E5C8B3A-E196-499C-9849-9876EB621A7C}.Debug|x64.Build.0 = Debug|Any CPU
		{1E5C8B3A-E196-499C-9849-9876EB621A7C}.Debug|x86.ActiveCfg = Debug|Any CPU
		{1E5C8B3A-E196-499C-9849-9876EB621A7C}.Debug|x86.Build.0 = Debug|Any CPU
		{1E5C8B3A-E196-499C-9849-9876EB621A7C}.Release|Any CPU.ActiveCfg = Release|Any CPU
		{1E5C8B3A-E196-499C-9849-9876EB621A7C}.Release|Any CPU.Build.0 = Release|Any CPU
		{1E5C8B3A-E196-499C-9849-9876EB621A7C}.Release|ARM.ActiveCfg = Release|Any CPU
		{1E5C8B3A-E196-499C-9849-9876EB621A7C}.Release|ARM.Build.0 = Release|Any CPU
		{1E5C8B3A-E196-499C-9849-9876EB621A7C}.Release|x64.ActiveCfg = Release|Any CPU
		{1E5C8B3A-E196-499C-9849-9876EB621A7C}.Release|x64.Build.0 = Release|Any CPU
		{1E5C8B3A-E196-499C-9849-9876EB621A7C}.Release|x86.ActiveCfg = Release|Any CPU
		{1E5C8B3A-E196-499C-9849-9876EB621A7C}.Release|x86.Build.0 = Release|Any CPU
		{6A170ABB-8861-4010-A9F0-E49A9AFDD3A6}.Debug|Any CPU.ActiveCfg = Debug|Any CPU
		{6A170ABB-8861-4010-A9F0-E49A9AFDD3A6}.Debug|Any CPU.Build.0 = Debug|Any CPU
		{6A170ABB-8861-4010-A9F0-E49A9AFDD3A6}.Debug|ARM.ActiveCfg = Debug|Any CPU
		{6A170ABB-8861-4010-A9F0-E49A9AFDD3A6}.Debug|ARM.Build.0 = Debug|Any CPU
		{6A170ABB-8861-4010-A9F0-E49A9AFDD3A6}.Debug|x64.ActiveCfg = Debug|Any CPU
		{6A170ABB-8861-4010-A9F0-E49A9AFDD3A6}.Debug|x64.Build.0 = Debug|Any CPU
		{6A170ABB-8861-4010-A9F0-E49A9AFDD3A6}.Debug|x86.ActiveCfg = Debug|Any CPU
		{6A170ABB-8861-4010-A9F0-E49A9AFDD3A6}.Debug|x86.Build.0 = Debug|Any CPU
		{6A170ABB-8861-4010-A9F0-E49A9AFDD3A6}.Release|Any CPU.ActiveCfg = Release|Any CPU
		{6A170ABB-8861-4010-A9F0-E49A9AFDD3A6}.Release|Any CPU.Build.0 = Release|Any CPU
		{6A170ABB-8861-4010-A9F0-E49A9AFDD3A6}.Release|ARM.ActiveCfg = Release|Any CPU
		{6A170ABB-8861-4010-A9F0-E49A9AFDD3A6}.Release|ARM.Build.0 = Release|Any CPU
		{6A170ABB-8861-4010-A9F0-E49A9AFDD3A6}.Release|x64.ActiveCfg = Release|Any CPU
		{6A170ABB-8861-4010-A9F0-E49A9AFDD3A6}.Release|x64.Build.0 = Release|Any CPU
		{6A170ABB-8861-4010-A9F0-E49A9AFDD3A6}.Release|x86.ActiveCfg = Release|Any CPU
		{6A170ABB-8861-4010-A9F0-E49A9AFDD3A6}.Release|x86.Build.0 = Release|Any CPU
		{B21ED206-4455-45E4-AE25-7EE7E4D6BD34}.Debug|Any CPU.ActiveCfg = Debug|Any CPU
		{B21ED206-4455-45E4-AE25-7EE7E4D6BD34}.Debug|Any CPU.Build.0 = Debug|Any CPU
		{B21ED206-4455-45E4-AE25-7EE7E4D6BD34}.Debug|ARM.ActiveCfg = Debug|Any CPU
		{B21ED206-4455-45E4-AE25-7EE7E4D6BD34}.Debug|ARM.Build.0 = Debug|Any CPU
		{B21ED206-4455-45E4-AE25-7EE7E4D6BD34}.Debug|x64.ActiveCfg = Debug|Any CPU
		{B21ED206-4455-45E4-AE25-7EE7E4D6BD34}.Debug|x64.Build.0 = Debug|Any CPU
		{B21ED206-4455-45E4-AE25-7EE7E4D6BD34}.Debug|x86.ActiveCfg = Debug|Any CPU
		{B21ED206-4455-45E4-AE25-7EE7E4D6BD34}.Debug|x86.Build.0 = Debug|Any CPU
		{B21ED206-4455-45E4-AE25-7EE7E4D6BD34}.Release|Any CPU.ActiveCfg = Release|Any CPU
		{B21ED206-4455-45E4-AE25-7EE7E4D6BD34}.Release|Any CPU.Build.0 = Release|Any CPU
		{B21ED206-4455-45E4-AE25-7EE7E4D6BD34}.Release|ARM.ActiveCfg = Release|Any CPU
		{B21ED206-4455-45E4-AE25-7EE7E4D6BD34}.Release|ARM.Build.0 = Release|Any CPU
		{B21ED206-4455-45E4-AE25-7EE7E4D6BD34}.Release|x64.ActiveCfg = Release|Any CPU
		{B21ED206-4455-45E4-AE25-7EE7E4D6BD34}.Release|x64.Build.0 = Release|Any CPU
		{B21ED206-4455-45E4-AE25-7EE7E4D6BD34}.Release|x86.ActiveCfg = Release|Any CPU
		{B21ED206-4455-45E4-AE25-7EE7E4D6BD34}.Release|x86.Build.0 = Release|Any CPU
		{0B86715A-8032-441E-BFE8-136A7D1BFD19}.Debug|Any CPU.ActiveCfg = Debug|Any CPU
		{0B86715A-8032-441E-BFE8-136A7D1BFD19}.Debug|Any CPU.Build.0 = Debug|Any CPU
		{0B86715A-8032-441E-BFE8-136A7D1BFD19}.Debug|ARM.ActiveCfg = Debug|Any CPU
		{0B86715A-8032-441E-BFE8-136A7D1BFD19}.Debug|ARM.Build.0 = Debug|Any CPU
		{0B86715A-8032-441E-BFE8-136A7D1BFD19}.Debug|x64.ActiveCfg = Debug|Any CPU
		{0B86715A-8032-441E-BFE8-136A7D1BFD19}.Debug|x64.Build.0 = Debug|Any CPU
		{0B86715A-8032-441E-BFE8-136A7D1BFD19}.Debug|x86.ActiveCfg = Debug|Any CPU
		{0B86715A-8032-441E-BFE8-136A7D1BFD19}.Debug|x86.Build.0 = Debug|Any CPU
		{0B86715A-8032-441E-BFE8-136A7D1BFD19}.Release|Any CPU.ActiveCfg = Release|Any CPU
		{0B86715A-8032-441E-BFE8-136A7D1BFD19}.Release|Any CPU.Build.0 = Release|Any CPU
		{0B86715A-8032-441E-BFE8-136A7D1BFD19}.Release|ARM.ActiveCfg = Release|Any CPU
		{0B86715A-8032-441E-BFE8-136A7D1BFD19}.Release|ARM.Build.0 = Release|Any CPU
		{0B86715A-8032-441E-BFE8-136A7D1BFD19}.Release|x64.ActiveCfg = Release|Any CPU
		{0B86715A-8032-441E-BFE8-136A7D1BFD19}.Release|x64.Build.0 = Release|Any CPU
		{0B86715A-8032-441E-BFE8-136A7D1BFD19}.Release|x86.ActiveCfg = Release|Any CPU
		{0B86715A-8032-441E-BFE8-136A7D1BFD19}.Release|x86.Build.0 = Release|Any CPU
	EndGlobalSection
	GlobalSection(SolutionProperties) = preSolution
		HideSolutionNode = FALSE
	EndGlobalSection
	GlobalSection(MonoDevelopProperties) = preSolution
		Policies = $0
		$0.TextStylePolicy = $4
		$4.TabsToSpaces = True
		$4.FileWidth = 80
	EndGlobalSection
EndGlobal
