
Microsoft Visual Studio Solution File, Format Version 11.00
# Visual Studio 2010
Project("{FAE04EC0-301F-11D3-BF4B-00C04F79EFBC}") = "Portable.Xaml-tests-net_4_5", "Portable.Xaml-tests-net_4_5.csproj", "{FDA04C3E-7386-4F45-A7F2-C69DB33B72FF}"
EndProject
Project("{FAE04EC0-301F-11D3-BF4B-00C04F79EFBC}") = "Portable.Xaml-pcl259", "Portable.Xaml-pcl259.csproj", "{179484EC-DB00-451A-AD2D-2E2AB20DE519}"
EndProject
Global
	GlobalSection(SolutionConfigurationPlatforms) = preSolution
		Debug|Any CPU = Debug|Any CPU
		Release|Any CPU = Release|Any CPU
	EndGlobalSection
	GlobalSection(ProjectConfigurationPlatforms) = postSolution
		{179484EC-DB00-451A-AD2D-2E2AB20DE519}.Debug|Any CPU.ActiveCfg = Debug|Any CPU
		{179484EC-DB00-451A-AD2D-2E2AB20DE519}.Debug|Any CPU.Build.0 = Debug|Any CPU
		{179484EC-DB00-451A-AD2D-2E2AB20DE519}.Release|Any CPU.ActiveCfg = Release|Any CPU
		{179484EC-DB00-451A-AD2D-2E2AB20DE519}.Release|Any CPU.Build.0 = Release|Any CPU
		{FDA04C3E-7386-4F45-A7F2-C69DB33B72FF}.Debug|Any CPU.ActiveCfg = Debug|Any CPU
		{FDA04C3E-7386-4F45-A7F2-C69DB33B72FF}.Debug|Any CPU.Build.0 = Debug|Any CPU
		{FDA04C3E-7386-4F45-A7F2-C69DB33B72FF}.Release|Any CPU.ActiveCfg = Release|Any CPU
		{FDA04C3E-7386-4F45-A7F2-C69DB33B72FF}.Release|Any CPU.Build.0 = Release|Any CPU
	EndGlobalSection
EndGlobal
